
Microsoft Visual Studio Solution File, Format Version 12.00
# Visual Studio 15
VisualStudioVersion = 15.0.26730.15
MinimumVisualStudioVersion = 10.0.40219.1
Project("{FAE04EC0-301F-11D3-BF4B-00C04F79EFBC}") = "WebApplication1", "WebApplication1\WebApplication1.csproj", "{9AA18413-5FE1-4F32-84F8-D56DD5849B10}"
EndProject
Global
	GlobalSection(SolutionConfigurationPlatforms) = preSolution
		Debug|Any CPU = Debug|Any CPU
		Release|Any CPU = Release|Any CPU
	EndGlobalSection
	GlobalSection(ProjectConfigurationPlatforms) = postSolution
		{9AA18413-5FE1-4F32-84F8-D56DD5849B10}.Debug|Any CPU.ActiveCfg = Debug|Any CPU
		{9AA18413-5FE1-4F32-84F8-D56DD5849B10}.Debug|Any CPU.Build.0 = Debug|Any CPU
		{9AA18413-5FE1-4F32-84F8-D56DD5849B10}.Release|Any CPU.ActiveCfg = Release|Any CPU
		{9AA18413-5FE1-4F32-84F8-D56DD5849B10}.Release|Any CPU.Build.0 = Release|Any CPU
	EndGlobalSection
	GlobalSection(SolutionProperties) = preSolution
		HideSolutionNode = FALSE
	EndGlobalSection
	GlobalSection(ExtensibilityGlobals) = postSolution
		SolutionGuid = {6FAE61B2-8EB5-4C47-8E24-292C972EB0D1}
	EndGlobalSection
EndGlobal
